
Microsoft Visual Studio Solution File, Format Version 12.00
# Visual Studio Version 17
VisualStudioVersion = 17.7.34221.43
MinimumVisualStudioVersion = 10.0.40219.1
Project("{FAE04EC0-301F-11D3-BF4B-00C04F79EFBC}") = "Projekat", "Projekat\Projekat.csproj", "{02912C8A-066C-4B1C-8787-167BBFD6958B}"
EndProject
Global
	GlobalSection(SolutionConfigurationPlatforms) = preSolution
		Debug|Any CPU = Debug|Any CPU
		Release|Any CPU = Release|Any CPU
	EndGlobalSection
	GlobalSection(ProjectConfigurationPlatforms) = postSolution
		{02912C8A-066C-4B1C-8787-167BBFD6958B}.Debug|Any CPU.ActiveCfg = Debug|Any CPU
		{02912C8A-066C-4B1C-8787-167BBFD6958B}.Debug|Any CPU.Build.0 = Debug|Any CPU
		{02912C8A-066C-4B1C-8787-167BBFD6958B}.Release|Any CPU.ActiveCfg = Release|Any CPU
		{02912C8A-066C-4B1C-8787-167BBFD6958B}.Release|Any CPU.Build.0 = Release|Any CPU
	EndGlobalSection
	GlobalSection(SolutionProperties) = preSolution
		HideSolutionNode = FALSE
	EndGlobalSection
	GlobalSection(ExtensibilityGlobals) = postSolution
		SolutionGuid = {E4122F48-B7BF-43FD-97F1-C192A0B0FBBE}
	EndGlobalSection
EndGlobal
